
Microsoft Visual Studio Solution File, Format Version 12.00
# Visual Studio 15
VisualStudioVersion = 15.0.28010.2050
MinimumVisualStudioVersion = 10.0.40219.1
Project("{FAE04EC0-301F-11D3-BF4B-00C04F79EFBC}") = "DataAccess", "DataAccess\DataAccess.csproj", "{A5FEE182-D17E-4FBD-8450-8420EBF48110}"
EndProject
Global
	GlobalSection(SolutionConfigurationPlatforms) = preSolution
		Debug|Any CPU = Debug|Any CPU
		Release|Any CPU = Release|Any CPU
	EndGlobalSection
	GlobalSection(ProjectConfigurationPlatforms) = postSolution
		{A5FEE182-D17E-4FBD-8450-8420EBF48110}.Debug|Any CPU.ActiveCfg = Debug|Any CPU
		{A5FEE182-D17E-4FBD-8450-8420EBF48110}.Debug|Any CPU.Build.0 = Debug|Any CPU
		{A5FEE182-D17E-4FBD-8450-8420EBF48110}.Release|Any CPU.ActiveCfg = Release|Any CPU
		{A5FEE182-D17E-4FBD-8450-8420EBF48110}.Release|Any CPU.Build.0 = Release|Any CPU
	EndGlobalSection
	GlobalSection(SolutionProperties) = preSolution
		HideSolutionNode = FALSE
	EndGlobalSection
	GlobalSection(ExtensibilityGlobals) = postSolution
		SolutionGuid = {F9CA4576-B403-477F-B1EC-F1CD1982D4C1}
	EndGlobalSection
EndGlobal
